// !$*UTF8*$!
{
	archiveVersion = 1;
	classes = {
	};
	objectVersion = 77;
	objects = {

/* Begin PBXBuildFile section */
		3333E48555135D5E86779182 /* Foundation.framework in Frameworks */ = {isa = PBXBuildFile; fileRef = 426F0163A88F5C231E880C90 /* Foundation.framework */; };
		9BA094ECC3ADD1BE60130401 /* Foundation.framework in Frameworks */ = {isa = PBXBuildFile; fileRef = 426F0163A88F5C231E880C90 /* Foundation.framework */; };
/* End PBXBuildFile section */

/* Begin PBXContainerItemProxy section */
		465C8D1A1881ED87880E1A0F /* PBXContainerItemProxy */ = {
			isa = PBXContainerItemProxy;
			containerPortal = D718382530517DB2004138DC /* Project object */;
			proxyType = 1;
			remoteGlobalIDString = D718382C30517DB2004138DC;
			remoteInfo = Freshnest;
		};
		92B549E2DB679525C6FDA666 /* PBXContainerItemProxy */ = {
			isa = PBXContainerItemProxy;
			containerPortal = D718382530517DB2004138DC /* Project object */;
			proxyType = 1;
			remoteGlobalIDString = D718382C30517DB2004138DC;
			remoteInfo = Freshnest;
		};
/* End PBXContainerItemProxy section */

/* Begin PBXFileReference section */
		426F0163A88F5C231E880C90 /* Foundation.framework */ = {isa = PBXFileReference; lastKnownFileType = wrapper.framework; name = Foundation.framework; path = Platforms/iPhoneOS.platform/Developer/SDKs/iPhoneOS18.0.sdk/System/Library/Frameworks/Foundation.framework; sourceTree = DEVELOPER_DIR; };
		896BF891F477AC455E3F98F6 /* FreshnestTests.xctest */ = {isa = PBXFileReference; explicitFileType = wrapper.cfbundle; includeInIndex = 0; path = FreshnestTests.xctest; sourceTree = BUILT_PRODUCTS_DIR; };
		D718382D30517DB2004138DC /* Freshnest.app */ = {isa = PBXFileReference; explicitFileType = wrapper.application; includeInIndex = 0; path = Freshnest.app; sourceTree = BUILT_PRODUCTS_DIR; };
		DACC3CB924B1200D5941BF82 /* FreshnestUITests.xctest */ = {isa = PBXFileReference; explicitFileType = wrapper.cfbundle; includeInIndex = 0; path = FreshnestUITests.xctest; sourceTree = BUILT_PRODUCTS_DIR; };
/* End PBXFileReference section */

/* Begin PBXFileSystemSynchronizedRootGroup section */
		6734CC9BD7F62E6B6564CC69 /* FreshnestUITests */ = {
			isa = PBXFileSystemSynchronizedRootGroup;
			path = FreshnestUITests;
			sourceTree = "<group>";
		};
		D718382F30517DB2004138DC /* Freshnest */ = {
			isa = PBXFileSystemSynchronizedRootGroup;
			path = Freshnest;
			sourceTree = "<group>";
		};
		F6767FDB9A7BE4473CEF1516 /* FreshnestTests */ = {
			isa = PBXFileSystemSynchronizedRootGroup;
			path = FreshnestTests;
			sourceTree = "<group>";
		};
/* End PBXFileSystemSynchronizedRootGroup section */

/* Begin PBXFrameworksBuildPhase section */
		6691A7C45B01C88F0578ACE3 /* Frameworks */ = {
			isa = PBXFrameworksBuildPhase;
			buildActionMask = 2147483647;
			files = (
				3333E48555135D5E86779182 /* Foundation.framework in Frameworks */,
			);
			runOnlyForDeploymentPostprocessing = 0;
		};
		9FB39B299556A2ED174EA917 /* Frameworks */ = {
			isa = PBXFrameworksBuildPhase;
			buildActionMask = 2147483647;
			files = (
				9BA094ECC3ADD1BE60130401 /* Foundation.framework in Frameworks */,
			);
			runOnlyForDeploymentPostprocessing = 0;
		};
		D718382A30517DB2004138DC /* Frameworks */ = {
			isa = PBXFrameworksBuildPhase;
			buildActionMask = 2147483647;
			files = (
			);
			runOnlyForDeploymentPostprocessing = 0;
		};
/* End PBXFrameworksBuildPhase section */

/* Begin PBXGroup section */
		5C164058BEE82788F942ADD7 /* Frameworks */ = {
			isa = PBXGroup;
			children = (
				E0A97BCEC19A1AD4BCDA8D06 /* iOS */,
			);
			name = Frameworks;
			sourceTree = "<group>";
		};
		D718382430517DB2004138DC = {
			isa = PBXGroup;
			children = (
				D718382F30517DB2004138DC /* Freshnest */,
				D718382E30517DB2004138DC /* Products */,
				5C164058BEE82788F942ADD7 /* Frameworks */,
				F6767FDB9A7BE4473CEF1516 /* FreshnestTests */,
				6734CC9BD7F62E6B6564CC69 /* FreshnestUITests */,
			);
			sourceTree = "<group>";
		};
		D718382E30517DB2004138DC /* Products */ = {
			isa = PBXGroup;
			children = (
				D718382D30517DB2004138DC /* Freshnest.app */,
				896BF891F477AC455E3F98F6 /* FreshnestTests.xctest */,
				DACC3CB924B1200D5941BF82 /* FreshnestUITests.xctest */,
			);
			name = Products;
			sourceTree = "<group>";
		};
		E0A97BCEC19A1AD4BCDA8D06 /* iOS */ = {
			isa = PBXGroup;
			children = (
				426F0163A88F5C231E880C90 /* Foundation.framework */,
			);
			name = iOS;
			sourceTree = "<group>";
		};
/* End PBXGroup section */

/* Begin PBXNativeTarget section */
		907DCACBCD458030251B841B /* FreshnestTests */ = {
			isa = PBXNativeTarget;
			buildConfigurationList = F59EF9E0758043E979E367A8 /* Build configuration list for PBXNativeTarget "FreshnestTests" */;
			buildPhases = (
				1DB7AC6D74449E7CB6C729A4 /* Sources */,
				9FB39B299556A2ED174EA917 /* Frameworks */,
				654FA3380E2A78F6FB5E94F8 /* Resources */,
			);
			buildRules = (
			);
			dependencies = (
				2EB68ECE27C550979E6FDD9A /* PBXTargetDependency */,
			);
			fileSystemSynchronizedGroups = (
				F6767FDB9A7BE4473CEF1516 /* FreshnestTests */,
			);
			name = FreshnestTests;
			productName = FreshnestTests;
			productReference = 896BF891F477AC455E3F98F6 /* FreshnestTests.xctest */;
			productType = "com.apple.product-type.bundle.unit-test";
		};
		D718382C30517DB2004138DC /* Freshnest */ = {
			isa = PBXNativeTarget;
			buildConfigurationList = D718383A30517DB4004138DC /* Build configuration list for PBXNativeTarget "Freshnest" */;
			buildPhases = (
				D718382930517DB2004138DC /* Sources */,
				D718382A30517DB2004138DC /* Frameworks */,
				D718382B30517DB2004138DC /* Resources */,
			);
			buildRules = (
			);
			dependencies = (
			);
			fileSystemSynchronizedGroups = (
				D718382F30517DB2004138DC /* Freshnest */,
			);
			name = Freshnest;
			productName = Freshnest;
			productReference = D718382D30517DB2004138DC /* Freshnest.app */;
			productType = "com.apple.product-type.application";
		};
		E941A3E4D0A600286C3C0ADB /* FreshnestUITests */ = {
			isa = PBXNativeTarget;
			buildConfigurationList = 16EBE911C6D1BB5710E13B34 /* Build configuration list for PBXNativeTarget "FreshnestUITests" */;
			buildPhases = (
				1A8BAF4FC0EB459C9CD73BC5 /* Sources */,
				6691A7C45B01C88F0578ACE3 /* Frameworks */,
				A4508F6190742B9247974FE5 /* Resources */,
			);
			buildRules = (
			);
			dependencies = (
				9F7FDB0A009F165687573124 /* PBXTargetDependency */,
			);
			fileSystemSynchronizedGroups = (
				6734CC9BD7F62E6B6564CC69 /* FreshnestUITests */,
			);
			name = FreshnestUITests;
			productName = FreshnestUITests;
			productReference = DACC3CB924B1200D5941BF82 /* FreshnestUITests.xctest */;
			productType = "com.apple.product-type.bundle.ui-testing";
		};
/* End PBXNativeTarget section */

/* Begin PBXProject section */
		D718382530517DB2004138DC /* Project object */ = {
			isa = PBXProject;
			attributes = {
				BuildIndependentTargetsInParallel = 1;
				LastSwiftUpdateCheck = 2660;
				LastUpgradeCheck = 2660;
				TargetAttributes = {
					907DCACBCD458030251B841B = {
						CreatedOnToolsVersion = 26.6;
						TestTargetID = D718382C30517DB2004138DC;
					};
					D718382C30517DB2004138DC = {
						CreatedOnToolsVersion = 26.6;
					};
					E941A3E4D0A600286C3C0ADB = {
						CreatedOnToolsVersion = 26.6;
						TestTargetID = D718382C30517DB2004138DC;
					};
				};
			};
			buildConfigurationList = D718382830517DB2004138DC /* Build configuration list for PBXProject "Freshnest" */;
			developmentRegion = en;
			hasScannedForEncodings = 0;
			knownRegions = (
				en,
				Base,
			);
			mainGroup = D718382430517DB2004138DC;
			minimizedProjectReferenceProxies = 1;
			preferredProjectObjectVersion = 77;
			productRefGroup = D718382E30517DB2004138DC /* Products */;
			projectDirPath = "";
			projectRoot = "";
			targets = (
				D718382C30517DB2004138DC /* Freshnest */,
				907DCACBCD458030251B841B /* FreshnestTests */,
				E941A3E4D0A600286C3C0ADB /* FreshnestUITests */,
			);
		};
/* End PBXProject section */

/* Begin PBXResourcesBuildPhase section */
		654FA3380E2A78F6FB5E94F8 /* Resources */ = {
			isa = PBXResourcesBuildPhase;
			buildActionMask = 2147483647;
			files = (
			);
			runOnlyForDeploymentPostprocessing = 0;
		};
		A4508F6190742B9247974FE5 /* Resources */ = {
			isa = PBXResourcesBuildPhase;
			buildActionMask = 2147483647;
			files = (
			);
			runOnlyForDeploymentPostprocessing = 0;
		};
		D718382B30517DB2004138DC /* Resources */ = {
			isa = PBXResourcesBuildPhase;
			buildActionMask = 2147483647;
			files = (
			);
			runOnlyForDeploymentPostprocessing = 0;
		};
/* End PBXResourcesBuildPhase section */

/* Begin PBXSourcesBuildPhase section */
		1A8BAF4FC0EB459C9CD73BC5 /* Sources */ = {
			isa = PBXSourcesBuildPhase;
			buildActionMask = 2147483647;
			files = (
			);
			runOnlyForDeploymentPostprocessing = 0;
		};
		1DB7AC6D74449E7CB6C729A4 /* Sources */ = {
			isa = PBXSourcesBuildPhase;
			buildActionMask = 2147483647;
			files = (
			);
			runOnlyForDeploymentPostprocessing = 0;
		};
		D718382930517DB2004138DC /* Sources */ = {
			isa = PBXSourcesBuildPhase;
			buildActionMask = 2147483647;
			files = (
			);
			runOnlyForDeploymentPostprocessing = 0;
		};
/* End PBXSourcesBuildPhase section */

/* Begin PBXTargetDependency section */
		2EB68ECE27C550979E6FDD9A /* PBXTargetDependency */ = {
			isa = PBXTargetDependency;
			name = Freshnest;
			target = D718382C30517DB2004138DC /* Freshnest */;
			targetProxy = 465C8D1A1881ED87880E1A0F /* PBXContainerItemProxy */;
		};
		9F7FDB0A009F165687573124 /* PBXTargetDependency */ = {
			isa = PBXTargetDependency;
			name = Freshnest;
			target = D718382C30517DB2004138DC /* Freshnest */;
			targetProxy = 92B549E2DB679525C6FDA666 /* PBXContainerItemProxy */;
		};
/* End PBXTargetDependency section */

/* Begin XCBuildConfiguration section */
		102E1F24675B15450CC430DF /* Release */ = {
			isa = XCBuildConfiguration;
			buildSettings = {
				BUNDLE_LOADER = "$(TEST_HOST)";
				CLANG_ENABLE_OBJC_WEAK = NO;
				CODE_SIGN_STYLE = Automatic;
				CURRENT_PROJECT_VERSION = 3;
				GENERATE_INFOPLIST_FILE = YES;
				IPHONEOS_DEPLOYMENT_TARGET = 18.0;
				LD_RUNPATH_SEARCH_PATHS = (
					"$(inherited)",
					"@executable_path/Frameworks",
					"@loader_path/Frameworks",
				);
				MARKETING_VERSION = 1.0.1;
				PRODUCT_BUNDLE_IDENTIFIER = com.pantrypulse.ios.Tests;
				PRODUCT_NAME = "$(TARGET_NAME)";
				SDKROOT = iphoneos;
				SWIFT_EMIT_LOC_STRINGS = NO;
				SWIFT_VERSION = 5.0;
				TARGETED_DEVICE_FAMILY = "1,2";
				TEST_HOST = "$(BUILT_PRODUCTS_DIR)/Freshnest.app/Freshnest";
				VALIDATE_PRODUCT = YES;
			};
			name = Release;
		};
		861D5246AEB677EAC4ECB74C /* Debug */ = {
			isa = XCBuildConfiguration;
			buildSettings = {
				CLANG_ENABLE_OBJC_WEAK = NO;
				CODE_SIGN_STYLE = Automatic;
				CURRENT_PROJECT_VERSION = 3;
				GENERATE_INFOPLIST_FILE = YES;
				IPHONEOS_DEPLOYMENT_TARGET = 18.0;
				LD_RUNPATH_SEARCH_PATHS = (
					"$(inherited)",
					"@executable_path/Frameworks",
					"@loader_path/Frameworks",
				);
				MARKETING_VERSION = 1.0.1;
				PRODUCT_BUNDLE_IDENTIFIER = com.pantrypulse.ios.UITests;
				PRODUCT_NAME = "$(TARGET_NAME)";
				SDKROOT = iphoneos;
				SWIFT_EMIT_LOC_STRINGS = NO;
				SWIFT_VERSION = 5.0;
				TARGETED_DEVICE_FAMILY = "1,2";
				TEST_TARGET_NAME = Freshnest;
			};
			name = Debug;
		};
		AC9F2CC2D942F35153838A91 /* Debug */ = {
			isa = XCBuildConfiguration;
			buildSettings = {
				BUNDLE_LOADER = "$(TEST_HOST)";
				CLANG_ENABLE_OBJC_WEAK = NO;
				CODE_SIGN_STYLE = Automatic;
				CURRENT_PROJECT_VERSION = 3;
				GENERATE_INFOPLIST_FILE = YES;
				IPHONEOS_DEPLOYMENT_TARGET = 18.0;
				LD_RUNPATH_SEARCH_PATHS = (
					"$(inherited)",
					"@executable_path/Frameworks",
					"@loader_path/Frameworks",
				);
				MARKETING_VERSION = 1.0.1;
				PRODUCT_BUNDLE_IDENTIFIER = com.pantrypulse.ios.Tests;
				PRODUCT_NAME = "$(TARGET_NAME)";
				SDKROOT = iphoneos;
				SWIFT_EMIT_LOC_STRINGS = NO;
				SWIFT_VERSION = 5.0;
				TARGETED_DEVICE_FAMILY = "1,2";
				TEST_HOST = "$(BUILT_PRODUCTS_DIR)/Freshnest.app/Freshnest";
			};
			name = Debug;
		};
		D718383830517DB4004138DC /* Debug */ = {
			isa = XCBuildConfiguration;
			buildSettings = {
				ALWAYS_SEARCH_USER_PATHS = NO;
				ASSETCATALOG_COMPILER_GENERATE_SWIFT_ASSET_SYMBOL_EXTENSIONS = YES;
				CLANG_ANALYZER_NONNULL = YES;
				CLANG_ANALYZER_NUMBER_OBJECT_CONVERSION = YES_AGGRESSIVE;
				CLANG_CXX_LANGUAGE_STANDARD = "gnu++20";
				CLANG_ENABLE_MODULES = YES;
				CLANG_ENABLE_OBJC_ARC = YES;
				CLANG_ENABLE_OBJC_WEAK = YES;
				CLANG_WARN_BLOCK_CAPTURE_AUTORELEASING = YES;
				CLANG_WARN_BOOL_CONVERSION = YES;
				CLANG_WARN_COMMA = YES;
				CLANG_WARN_CONSTANT_CONVERSION = YES;
				CLANG_WARN_DEPRECATED_OBJC_IMPLEMENTATIONS = YES;
				CLANG_WARN_DIRECT_OBJC_ISA_USAGE = YES_ERROR;
				CLANG_WARN_DOCUMENTATION_COMMENTS = YES;
				CLANG_WARN_EMPTY_BODY = YES;
				CLANG_WARN_ENUM_CONVERSION = YES;
				CLANG_WARN_INFINITE_RECURSION = YES;
				CLANG_WARN_INT_CONVERSION = YES;
				CLANG_WARN_NON_LITERAL_NULL_CONVERSION = YES;
				CLANG_WARN_OBJC_IMPLICIT_RETAIN_SELF = YES;
				CLANG_WARN_OBJC_LITERAL_CONVERSION = YES;
				CLANG_WARN_OBJC_ROOT_CLASS = YES_ERROR;
				CLANG_WARN_QUOTED_INCLUDE_IN_FRAMEWORK_HEADER = YES;
				CLANG_WARN_RANGE_LOOP_ANALYSIS = YES;
				CLANG_WARN_STRICT_PROTOTYPES = YES;
				CLANG_WARN_SUSPICIOUS_MOVE = YES;
				CLANG_WARN_UNGUARDED_AVAILABILITY = YES_AGGRESSIVE;
				CLANG_WARN_UNREACHABLE_CODE = YES;
				CLANG_WARN__DUPLICATE_METHOD_MATCH = YES;
				COPY_PHASE_STRIP = NO;
				DEBUG_INFORMATION_FORMAT = dwarf;
				ENABLE_STRICT_OBJC_MSGSEND = YES;
				ENABLE_TESTABILITY = YES;
				ENABLE_USER_SCRIPT_SANDBOXING = YES;
				GCC_C_LANGUAGE_STANDARD = gnu17;
				GCC_DYNAMIC_NO_PIC = NO;
				GCC_NO_COMMON_BLOCKS = YES;
				GCC_OPTIMIZATION_LEVEL = 0;
				GCC_PREPROCESSOR_DEFINITIONS = (
					"DEBUG=1",
					"$(inherited)",
				);
				GCC_WARN_64_TO_32_BIT_CONVERSION = YES;
				GCC_WARN_ABOUT_RETURN_TYPE = YES_ERROR;
				GCC_WARN_UNDECLARED_SELECTOR = YES;
				GCC_WARN_UNINITIALIZED_AUTOS = YES_AGGRESSIVE;
				GCC_WARN_UNUSED_FUNCTION = YES;
				GCC_WARN_UNUSED_VARIABLE = YES;
				IPHONEOS_DEPLOYMENT_TARGET = 18.0;
				LOCALIZATION_PREFERS_STRING_CATALOGS = YES;
				MTL_ENABLE_DEBUG_INFO = INCLUDE_SOURCE;
				MTL_FAST_MATH = YES;
				ONLY_ACTIVE_ARCH = YES;
				SDKROOT = iphoneos;
				SWIFT_ACTIVE_COMPILATION_CONDITIONS = "DEBUG $(inherited)";
				SWIFT_OPTIMIZATION_LEVEL = "-Onone";
			};
			name = Debug;
		};
		D718383930517DB4004138DC /* Release */ = {
			isa = XCBuildConfiguration;
			buildSettings = {
				ALWAYS_SEARCH_USER_PATHS = NO;
				ASSETCATALOG_COMPILER_GENERATE_SWIFT_ASSET_SYMBOL_EXTENSIONS = YES;
				CLANG_ANALYZER_NONNULL = YES;
				CLANG_ANALYZER_NUMBER_OBJECT_CONVERSION = YES_AGGRESSIVE;
				CLANG_CXX_LANGUAGE_STANDARD = "gnu++20";
				CLANG_ENABLE_MODULES = YES;
				CLANG_ENABLE_OBJC_ARC = YES;
				CLANG_ENABLE_OBJC_WEAK = YES;
				CLANG_WARN_BLOCK_CAPTURE_AUTORELEASING = YES;
				CLANG_WARN_BOOL_CONVERSION = YES;
				CLANG_WARN_COMMA = YES;
				CLANG_WARN_CONSTANT_CONVERSION = YES;
				CLANG_WARN_DEPRECATED_OBJC_IMPLEMENTATIONS = YES;
				CLANG_WARN_DIRECT_OBJC_ISA_USAGE = YES_ERROR;
				CLANG_WARN_DOCUMENTATION_COMMENTS = YES;
				CLANG_WARN_EMPTY_BODY = YES;
				CLANG_WARN_ENUM_CONVERSION = YES;
				CLANG_WARN_INFINITE_RECURSION = YES;
				CLANG_WARN_INT_CONVERSION = YES;
				CLANG_WARN_NON_LITERAL_NULL_CONVERSION = YES;
				CLANG_WARN_OBJC_IMPLICIT_RETAIN_SELF = YES;
				CLANG_WARN_OBJC_LITERAL_CONVERSION = YES;
				CLANG_WARN_OBJC_ROOT_CLASS = YES_ERROR;
				CLANG_WARN_QUOTED_INCLUDE_IN_FRAMEWORK_HEADER = YES;
				CLANG_WARN_RANGE_LOOP_ANALYSIS = YES;
				CLANG_WARN_STRICT_PROTOTYPES = YES;
				CLANG_WARN_SUSPICIOUS_MOVE = YES;
				CLANG_WARN_UNGUARDED_AVAILABILITY = YES_AGGRESSIVE;
				CLANG_WARN_UNREACHABLE_CODE = YES;
				CLANG_WARN__DUPLICATE_METHOD_MATCH = YES;
				COPY_PHASE_STRIP = NO;
				DEBUG_INFORMATION_FORMAT = "dwarf-with-dsym";
				ENABLE_NS_ASSERTIONS = NO;
				ENABLE_STRICT_OBJC_MSGSEND = YES;
				ENABLE_USER_SCRIPT_SANDBOXING = YES;
				GCC_C_LANGUAGE_STANDARD = gnu17;
				GCC_NO_COMMON_BLOCKS = YES;
				GCC_WARN_64_TO_32_BIT_CONVERSION = YES;
				GCC_WARN_ABOUT_RETURN_TYPE = YES_ERROR;
				GCC_WARN_UNDECLARED_SELECTOR = YES;
				GCC_WARN_UNINITIALIZED_AUTOS = YES_AGGRESSIVE;
				GCC_WARN_UNUSED_FUNCTION = YES;
				GCC_WARN_UNUSED_VARIABLE = YES;
				IPHONEOS_DEPLOYMENT_TARGET = 18.0;
				LOCALIZATION_PREFERS_STRING_CATALOGS = YES;
				MTL_ENABLE_DEBUG_INFO = NO;
				MTL_FAST_MATH = YES;
				SDKROOT = iphoneos;
				SWIFT_COMPILATION_MODE = wholemodule;
				VALIDATE_PRODUCT = YES;
			};
			name = Release;
		};
		D718383B30517DB4004138DC /* Debug */ = {
			isa = XCBuildConfiguration;
			buildSettings = {
				ASSETCATALOG_COMPILER_APPICON_NAME = AppIcon;
				ASSETCATALOG_COMPILER_GLOBAL_ACCENT_COLOR_NAME = AccentColor;
				CODE_SIGN_STYLE = Automatic;
				CURRENT_PROJECT_VERSION = 3;
				ENABLE_PREVIEWS = YES;
				GENERATE_INFOPLIST_FILE = YES;
				INFOPLIST_KEY_CFBundleDisplayName = PantryPulse;
				INFOPLIST_KEY_NSCameraUsageDescription = "PantryPulse uses the camera to estimate the visible freshness of your produce. Photos are analyzed on your device and are never uploaded.";
				INFOPLIST_KEY_NSPhotoLibraryUsageDescription = "PantryPulse uses photos you choose to estimate the visible freshness of your produce. Photos are analyzed on your device and are never uploaded.";
				INFOPLIST_KEY_UIApplicationSceneManifest_Generation = YES;
				INFOPLIST_KEY_UIApplicationSupportsIndirectInputEvents = YES;
				INFOPLIST_KEY_UILaunchScreen_Generation = YES;
				INFOPLIST_KEY_UISupportedInterfaceOrientations_iPad = "UIInterfaceOrientationPortrait UIInterfaceOrientationPortraitUpsideDown UIInterfaceOrientationLandscapeLeft UIInterfaceOrientationLandscapeRight";
				INFOPLIST_KEY_UISupportedInterfaceOrientations_iPhone = "UIInterfaceOrientationPortrait UIInterfaceOrientationPortraitUpsideDown UIInterfaceOrientationLandscapeLeft UIInterfaceOrientationLandscapeRight";
				LD_RUNPATH_SEARCH_PATHS = (
					"$(inherited)",
					"@executable_path/Frameworks",
				);
				MARKETING_VERSION = 1.0.1;
				PRODUCT_BUNDLE_IDENTIFIER = com.pantrypulse.ios;
				PRODUCT_NAME = "$(TARGET_NAME)";
				STRING_CATALOG_GENERATE_SYMBOLS = YES;
				SWIFT_APPROACHABLE_CONCURRENCY = YES;
				SWIFT_EMIT_LOC_STRINGS = YES;
				SWIFT_UPCOMING_FEATURE_MEMBER_IMPORT_VISIBILITY = YES;
				SWIFT_VERSION = 5.0;
				TARGETED_DEVICE_FAMILY = "1,2";
			};
			name = Debug;
		};
		D718383C30517DB4004138DC /* Release */ = {
			isa = XCBuildConfiguration;
			buildSettings = {
				ASSETCATALOG_COMPILER_APPICON_NAME = AppIcon;
				ASSETCATALOG_COMPILER_GLOBAL_ACCENT_COLOR_NAME = AccentColor;
				CODE_SIGN_STYLE = Automatic;
				CURRENT_PROJECT_VERSION = 3;
				ENABLE_PREVIEWS = YES;
				GENERATE_INFOPLIST_FILE = YES;
				INFOPLIST_KEY_CFBundleDisplayName = PantryPulse;
				INFOPLIST_KEY_NSCameraUsageDescription = "PantryPulse uses the camera to estimate the visible freshness of your produce. Photos are analyzed on your device and are never uploaded.";
				INFOPLIST_KEY_NSPhotoLibraryUsageDescription = "PantryPulse uses photos you choose to estimate the visible freshness of your produce. Photos are analyzed on your device and are never uploaded.";
				INFOPLIST_KEY_UIApplicationSceneManifest_Generation = YES;
				INFOPLIST_KEY_UIApplicationSupportsIndirectInputEvents = YES;
				INFOPLIST_KEY_UILaunchScreen_Generation = YES;
				INFOPLIST_KEY_UISupportedInterfaceOrientations_iPad = "UIInterfaceOrientationPortrait UIInterfaceOrientationPortraitUpsideDown UIInterfaceOrientationLandscapeLeft UIInterfaceOrientationLandscapeRight";
				INFOPLIST_KEY_UISupportedInterfaceOrientations_iPhone = "UIInterfaceOrientationPortrait UIInterfaceOrientationPortraitUpsideDown UIInterfaceOrientationLandscapeLeft UIInterfaceOrientationLandscapeRight";
				LD_RUNPATH_SEARCH_PATHS = (
					"$(inherited)",
					"@executable_path/Frameworks",
				);
				MARKETING_VERSION = 1.0.1;
				PRODUCT_BUNDLE_IDENTIFIER = com.pantrypulse.ios;
				PRODUCT_NAME = "$(TARGET_NAME)";
				STRING_CATALOG_GENERATE_SYMBOLS = YES;
				SWIFT_APPROACHABLE_CONCURRENCY = YES;
				SWIFT_EMIT_LOC_STRINGS = YES;
				SWIFT_UPCOMING_FEATURE_MEMBER_IMPORT_VISIBILITY = YES;
				SWIFT_VERSION = 5.0;
				TARGETED_DEVICE_FAMILY = "1,2";
			};
			name = Release;
		};
		EF8CE0C9156CB8BC43E3A83C /* Release */ = {
			isa = XCBuildConfiguration;
			buildSettings = {
				CLANG_ENABLE_OBJC_WEAK = NO;
				CODE_SIGN_STYLE = Automatic;
				CURRENT_PROJECT_VERSION = 3;
				GENERATE_INFOPLIST_FILE = YES;
				IPHONEOS_DEPLOYMENT_TARGET = 18.0;
				LD_RUNPATH_SEARCH_PATHS = (
					"$(inherited)",
					"@executable_path/Frameworks",
					"@loader_path/Frameworks",
				);
				MARKETING_VERSION = 1.0.1;
				PRODUCT_BUNDLE_IDENTIFIER = com.pantrypulse.ios.UITests;
				PRODUCT_NAME = "$(TARGET_NAME)";
				SDKROOT = iphoneos;
				SWIFT_EMIT_LOC_STRINGS = NO;
				SWIFT_VERSION = 5.0;
				TARGETED_DEVICE_FAMILY = "1,2";
				TEST_TARGET_NAME = Freshnest;
				VALIDATE_PRODUCT = YES;
			};
			name = Release;
		};
/* End XCBuildConfiguration section */

/* Begin XCConfigurationList section */
		16EBE911C6D1BB5710E13B34 /* Build configuration list for PBXNativeTarget "FreshnestUITests" */ = {
			isa = XCConfigurationList;
			buildConfigurations = (
				EF8CE0C9156CB8BC43E3A83C /* Release */,
				861D5246AEB677EAC4ECB74C /* Debug */,
			);
			defaultConfigurationIsVisible = 0;
			defaultConfigurationName = Release;
		};
		D718382830517DB2004138DC /* Build configuration list for PBXProject "Freshnest" */ = {
			isa = XCConfigurationList;
			buildConfigurations = (
				D718383830517DB4004138DC /* Debug */,
				D718383930517DB4004138DC /* Release */,
			);
			defaultConfigurationIsVisible = 0;
			defaultConfigurationName = Release;
		};
		D718383A30517DB4004138DC /* Build configuration list for PBXNativeTarget "Freshnest" */ = {
			isa = XCConfigurationList;
			buildConfigurations = (
				D718383B30517DB4004138DC /* Debug */,
				D718383C30517DB4004138DC /* Release */,
			);
			defaultConfigurationIsVisible = 0;
			defaultConfigurationName = Release;
		};
		F59EF9E0758043E979E367A8 /* Build configuration list for PBXNativeTarget "FreshnestTests" */ = {
			isa = XCConfigurationList;
			buildConfigurations = (
				102E1F24675B15450CC430DF /* Release */,
				AC9F2CC2D942F35153838A91 /* Debug */,
			);
			defaultConfigurationIsVisible = 0;
			defaultConfigurationName = Release;
		};
/* End XCConfigurationList section */
	};
	rootObject = D718382530517DB2004138DC /* Project object */;
}
